// !$*UTF8*$!
{
	archiveVersion = 1;
	classes = {
	};
	objectVersion = 46;
	objects = {

/* Begin PBXBuildFile section */
		84DCB5BE1E2E0D33002E9A4E /* main.m in Sources */ = {isa = PBXBuildFile; fileRef = 84DCB5BD1E2E0D33002E9A4E /* main.m */; };
		84DCB5C11E2E0D33002E9A4E /* AppDelegate.m in Sources */ = {isa = PBXBuildFile; fileRef = 84DCB5C01E2E0D33002E9A4E /* AppDelegate.m */; };
		84DCB5C41E2E0D33002E9A4E /* ViewController.m in Sources */ = {isa = PBXBuildFile; fileRef = 84DCB5C31E2E0D33002E9A4E /* ViewController.m */; };
		84DCB5C71E2E0D34002E9A4E /* Main.storyboard in Resources */ = {isa = PBXBuildFile; fileRef = 84DCB5C51E2E0D34002E9A4E /* Main.storyboard */; };
		84DCB5C91E2E0D34002E9A4E /* Assets.xcassets in Resources */ = {isa = PBXBuildFile; fileRef = 84DCB5C81E2E0D34002E9A4E /* Assets.xcassets */; };
		84DCB5CC1E2E0D34002E9A4E /* LaunchScreen.storyboard in Resources */ = {isa = PBXBuildFile; fileRef = 84DCB5CA1E2E0D34002E9A4E /* LaunchScreen.storyboard */; };
		84DCB5D71E2E0D35002E9A4E /* localTestTests.m in Sources */ = {isa = PBXBuildFile; fileRef = 84DCB5D61E2E0D35002E9A4E /* localTestTests.m */; };
		84DCB5E21E2E0D36002E9A4E /* localTestUITests.m in Sources */ = {isa = PBXBuildFile; fileRef = 84DCB5E11E2E0D36002E9A4E /* localTestUITests.m */; };
		987BB56B8AD44327C67BA40C /* Pods_localTest.framework in Frameworks */ = {isa = PBXBuildFile; fileRef = 7013105D87ED6030D1583132 /* Pods_localTest.framework */; };
		F58CCA1B25FF37F400238A5B /* UMDevice.framework in Frameworks */ = {isa = PBXBuildFile; fileRef = F58CCA1825FF37F400238A5B /* UMDevice.framework */; };
		F58CCA1D25FF37F400238A5B /* UMCommon.framework in Frameworks */ = {isa = PBXBuildFile; fileRef = F58CCA1925FF37F400238A5B /* UMCommon.framework */; };
		F58CCA2525FF380600238A5B /* UMShare.framework in Frameworks */ = {isa = PBXBuildFile; fileRef = F58CCA2425FF380600238A5B /* UMShare.framework */; };
		F58CCA2A25FF381500238A5B /* UShareUI.framework in Frameworks */ = {isa = PBXBuildFile; fileRef = F58CCA2925FF381500238A5B /* UShareUI.framework */; };
		F58CCA4325FF3AF100238A5B /* TencentOpenAPI.framework in Frameworks */ = {isa = PBXBuildFile; fileRef = F58CCA4225FF3AF100238A5B /* TencentOpenAPI.framework */; };
		F58CCA4D25FF3B2D00238A5B /* libSocialQQ.a in Frameworks */ = {isa = PBXBuildFile; fileRef = F58CCA4C25FF3B1D00238A5B /* libSocialQQ.a */; };
		F58CCA7425FF3BDD00238A5B /* libc.tbd in Frameworks */ = {isa = PBXBuildFile; fileRef = F58CCA7325FF3BD600238A5B /* libc.tbd */; };
		F58CCA8425FF3C5600238A5B /* UMCrash.framework in Frameworks */ = {isa = PBXBuildFile; fileRef = F58CCA8325FF3C5600238A5B /* UMCrash.framework */; };
		F58CCA9325FF3CA900238A5B /* libc++.tbd in Frameworks */ = {isa = PBXBuildFile; fileRef = F58CCA9225FF3CA100238A5B /* libc++.tbd */; };
		F58CCA9B25FF3CC400238A5B /* SystemConfiguration.framework in Frameworks */ = {isa = PBXBuildFile; fileRef = F58CCA9A25FF3CC400238A5B /* SystemConfiguration.framework */; };
		F58CCA9E25FF3D4D00238A5B /* EEOUMApiProxy.m in Sources */ = {isa = PBXBuildFile; fileRef = F58CCA9D25FF3D4D00238A5B /* EEOUMApiProxy.m */; };
		F58CCAA625FF3F5F00238A5B /* UMSocialSDKResources.bundle in Resources */ = {isa = PBXBuildFile; fileRef = F58CCAA525FF3F5F00238A5B /* UMSocialSDKResources.bundle */; };
/* End PBXBuildFile section */

/* Begin PBXContainerItemProxy section */
		84DCB5D31E2E0D35002E9A4E /* PBXContainerItemProxy */ = {
			isa = PBXContainerItemProxy;
			containerPortal = 84DCB5B11E2E0D31002E9A4E /* Project object */;
			proxyType = 1;
			remoteGlobalIDString = 84DCB5B81E2E0D32002E9A4E;
			remoteInfo = localTest;
		};
		84DCB5DE1E2E0D36002E9A4E /* PBXContainerItemProxy */ = {
			isa = PBXContainerItemProxy;
			containerPortal = 84DCB5B11E2E0D31002E9A4E /* Project object */;
			proxyType = 1;
			remoteGlobalIDString = 84DCB5B81E2E0D32002E9A4E;
			remoteInfo = localTest;
		};
/* End PBXContainerItemProxy section */

/* Begin PBXFileReference section */
		18D9DFD3F1BACB683751F5B3 /* Pods-localTest.release.xcconfig */ = {isa = PBXFileReference; includeInIndex = 1; lastKnownFileType = text.xcconfig; name = "Pods-localTest.release.xcconfig"; path = "Pods/Target Support Files/Pods-localTest/Pods-localTest.release.xcconfig"; sourceTree = "<group>"; };
		61C785CDAF333CA8DE93474E /* Pods-localTestTests.debug.xcconfig */ = {isa = PBXFileReference; includeInIndex = 1; lastKnownFileType = text.xcconfig; name = "Pods-localTestTests.debug.xcconfig"; path = "Pods/Target Support Files/Pods-localTestTests/Pods-localTestTests.debug.xcconfig"; sourceTree = "<group>"; };
		6A0E75B066D64FF12466D3F7 /* Pods-localTestUITests.debug.xcconfig */ = {isa = PBXFileReference; includeInIndex = 1; lastKnownFileType = text.xcconfig; name = "Pods-localTestUITests.debug.xcconfig"; path = "Pods/Target Support Files/Pods-localTestUITests/Pods-localTestUITests.debug.xcconfig"; sourceTree = "<group>"; };
		7013105D87ED6030D1583132 /* Pods_localTest.framework */ = {isa = PBXFileReference; explicitFileType = wrapper.framework; includeInIndex = 0; path = Pods_localTest.framework; sourceTree = BUILT_PRODUCTS_DIR; };
		84DCB5B91E2E0D33002E9A4E /* localTest.app */ = {isa = PBXFileReference; explicitFileType = wrapper.application; includeInIndex = 0; path = localTest.app; sourceTree = BUILT_PRODUCTS_DIR; };
		84DCB5BD1E2E0D33002E9A4E /* main.m */ = {isa = PBXFileReference; lastKnownFileType = sourcecode.c.objc; path = main.m; sourceTree = "<group>"; };
		84DCB5BF1E2E0D33002E9A4E /* AppDelegate.h */ = {isa = PBXFileReference; lastKnownFileType = sourcecode.c.h; path = AppDelegate.h; sourceTree = "<group>"; };
		84DCB5C01E2E0D33002E9A4E /* AppDelegate.m */ = {isa = PBXFileReference; lastKnownFileType = sourcecode.c.objc; path = AppDelegate.m; sourceTree = "<group>"; };
		84DCB5C21E2E0D33002E9A4E /* ViewController.h */ = {isa = PBXFileReference; lastKnownFileType = sourcecode.c.h; path = ViewController.h; sourceTree = "<group>"; };
		84DCB5C31E2E0D33002E9A4E /* ViewController.m */ = {isa = PBXFileReference; lastKnownFileType = sourcecode.c.objc; path = ViewController.m; sourceTree = "<group>"; };
		84DCB5C61E2E0D34002E9A4E /* Base */ = {isa = PBXFileReference; lastKnownFileType = file.storyboard; name = Base; path = Base.lproj/Main.storyboard; sourceTree = "<group>"; };
		84DCB5C81E2E0D34002E9A4E /* Assets.xcassets */ = {isa = PBXFileReference; lastKnownFileType = folder.assetcatalog; path = Assets.xcassets; sourceTree = "<group>"; };
		84DCB5CB1E2E0D34002E9A4E /* Base */ = {isa = PBXFileReference; lastKnownFileType = file.storyboard; name = Base; path = Base.lproj/LaunchScreen.storyboard; sourceTree = "<group>"; };
		84DCB5CD1E2E0D34002E9A4E /* Info.plist */ = {isa = PBXFileReference; lastKnownFileType = text.plist.xml; path = Info.plist; sourceTree = "<group>"; };
		84DCB5D21E2E0D35002E9A4E /* localTestTests.xctest */ = {isa = PBXFileReference; explicitFileType = wrapper.cfbundle; includeInIndex = 0; path = localTestTests.xctest; sourceTree = BUILT_PRODUCTS_DIR; };
		84DCB5D61E2E0D35002E9A4E /* localTestTests.m */ = {isa = PBXFileReference; lastKnownFileType = sourcecode.c.objc; path = localTestTests.m; sourceTree = "<group>"; };
		84DCB5D81E2E0D36002E9A4E /* Info.plist */ = {isa = PBXFileReference; lastKnownFileType = text.plist.xml; path = Info.plist; sourceTree = "<group>"; };
		84DCB5DD1E2E0D36002E9A4E /* localTestUITests.xctest */ = {isa = PBXFileReference; explicitFileType = wrapper.cfbundle; includeInIndex = 0; path = localTestUITests.xctest; sourceTree = BUILT_PRODUCTS_DIR; };
		84DCB5E11E2E0D36002E9A4E /* localTestUITests.m */ = {isa = PBXFileReference; lastKnownFileType = sourcecode.c.objc; path = localTestUITests.m; sourceTree = "<group>"; };
		84DCB5E31E2E0D36002E9A4E /* Info.plist */ = {isa = PBXFileReference; lastKnownFileType = text.plist.xml; path = Info.plist; sourceTree = "<group>"; };
		9E968768AB57384E145942A8 /* Pods-localTest.debug.xcconfig */ = {isa = PBXFileReference; includeInIndex = 1; lastKnownFileType = text.xcconfig; name = "Pods-localTest.debug.xcconfig"; path = "Pods/Target Support Files/Pods-localTest/Pods-localTest.debug.xcconfig"; sourceTree = "<group>"; };
		B8C0203B896DFD5106AD66B8 /* Pods-localTestUITests.release.xcconfig */ = {isa = PBXFileReference; includeInIndex = 1; lastKnownFileType = text.xcconfig; name = "Pods-localTestUITests.release.xcconfig"; path = "Pods/Target Support Files/Pods-localTestUITests/Pods-localTestUITests.release.xcconfig"; sourceTree = "<group>"; };
		D237215C07FBF0EEB507F500 /* Pods-localTestTests.release.xcconfig */ = {isa = PBXFileReference; includeInIndex = 1; lastKnownFileType = text.xcconfig; name = "Pods-localTestTests.release.xcconfig"; path = "Pods/Target Support Files/Pods-localTestTests/Pods-localTestTests.release.xcconfig"; sourceTree = "<group>"; };
		F58CCA1825FF37F400238A5B /* UMDevice.framework */ = {isa = PBXFileReference; lastKnownFileType = wrapper.framework; name = UMDevice.framework; path = localTest/UMengFrameworks/UMDevice.framework; sourceTree = "<group>"; };
		F58CCA1925FF37F400238A5B /* UMCommon.framework */ = {isa = PBXFileReference; lastKnownFileType = wrapper.framework; name = UMCommon.framework; path = localTest/UMengFrameworks/UMCommon.framework; sourceTree = "<group>"; };
		F58CCA2425FF380600238A5B /* UMShare.framework */ = {isa = PBXFileReference; lastKnownFileType = wrapper.framework; name = UMShare.framework; path = localTest/UMengFrameworks/UMShare/UMShare.framework; sourceTree = "<group>"; };
		F58CCA2925FF381500238A5B /* UShareUI.framework */ = {isa = PBXFileReference; lastKnownFileType = wrapper.framework; name = UShareUI.framework; path = localTest/UMengFrameworks/UMShare/UMSocialUI/UShareUI.framework; sourceTree = "<group>"; };
		F58CCA4225FF3AF100238A5B /* TencentOpenAPI.framework */ = {isa = PBXFileReference; lastKnownFileType = wrapper.framework; name = TencentOpenAPI.framework; path = localTest/UMengFrameworks/UMShare/SocialLibraries/QQ/QQSDK/TencentOpenAPI.framework; sourceTree = "<group>"; };
		F58CCA4C25FF3B1D00238A5B /* libSocialQQ.a */ = {isa = PBXFileReference; lastKnownFileType = archive.ar; name = libSocialQQ.a; path = localTest/UMengFrameworks/UMShare/SocialLibraries/QQ/libSocialQQ.a; sourceTree = "<group>"; };
		F58CCA5125FF3B4000238A5B /* UMSocialQQHandler.h */ = {isa = PBXFileReference; fileEncoding = 4; lastKnownFileType = sourcecode.c.h; name = UMSocialQQHandler.h; path = localTest/UMengFrameworks/UMShare/SocialLibraries/QQ/UMSocialQQHandler.h; sourceTree = "<group>"; };
		F58CCA7325FF3BD600238A5B /* libc.tbd */ = {isa = PBXFileReference; lastKnownFileType = "sourcecode.text-based-dylib-definition"; name = libc.tbd; path = usr/lib/libc.tbd; sourceTree = SDKROOT; };
		F58CCA8325FF3C5600238A5B /* UMCrash.framework */ = {isa = PBXFileReference; lastKnownFileType = wrapper.framework; name = UMCrash.framework; path = localTest/UMengFrameworks/UMCrash.framework; sourceTree = "<group>"; };
		F58CCA9225FF3CA100238A5B /* libc++.tbd */ = {isa = PBXFileReference; lastKnownFileType = "sourcecode.text-based-dylib-definition"; name = "libc++.tbd"; path = "usr/lib/libc++.tbd"; sourceTree = SDKROOT; };
		F58CCA9A25FF3CC400238A5B /* SystemConfiguration.framework */ = {isa = PBXFileReference; lastKnownFileType = wrapper.framework; name = SystemConfiguration.framework; path = System/Library/Frameworks/SystemConfiguration.framework; sourceTree = SDKROOT; };
		F58CCA9C25FF3D4D00238A5B /* EEOUMApiProxy.h */ = {isa = PBXFileReference; fileEncoding = 4; lastKnownFileType = sourcecode.c.h; path = EEOUMApiProxy.h; sourceTree = "<group>"; };
		F58CCA9D25FF3D4D00238A5B /* EEOUMApiProxy.m */ = {isa = PBXFileReference; fileEncoding = 4; lastKnownFileType = sourcecode.c.objc; path = EEOUMApiProxy.m; sourceTree = "<group>"; };
		F58CCAA525FF3F5F00238A5B /* UMSocialSDKResources.bundle */ = {isa = PBXFileReference; lastKnownFileType = "wrapper.plug-in"; name = UMSocialSDKResources.bundle; path = localTest/UMengFrameworks/UMShare/UMSocialUI/UMSocialSDKResources.bundle; sourceTree = "<group>"; };
/* End PBXFileReference section */

/* Begin PBXFrameworksBuildPhase section */
		84DCB5B61E2E0D32002E9A4E /* Frameworks */ = {
			isa = PBXFrameworksBuildPhase;
			buildActionMask = 2147483647;
			files = (
				F58CCA8425FF3C5600238A5B /* UMCrash.framework in Frameworks */,
				F58CCA4D25FF3B2D00238A5B /* libSocialQQ.a in Frameworks */,
				F58CCA1D25FF37F400238A5B /* UMCommon.framework in Frameworks */,
				F58CCA7425FF3BDD00238A5B /* libc.tbd in Frameworks */,
				F58CCA2A25FF381500238A5B /* UShareUI.framework in Frameworks */,
				F58CCA1B25FF37F400238A5B /* UMDevice.framework in Frameworks */,
				F58CCA9B25FF3CC400238A5B /* SystemConfiguration.framework in Frameworks */,
				F58CCA9325FF3CA900238A5B /* libc++.tbd in Frameworks */,
				987BB56B8AD44327C67BA40C /* Pods_localTest.framework in Frameworks */,
				F58CCA4325FF3AF100238A5B /* TencentOpenAPI.framework in Frameworks */,
				F58CCA2525FF380600238A5B /* UMShare.framework in Frameworks */,
			);
			runOnlyForDeploymentPostprocessing = 0;
		};
		84DCB5CF1E2E0D35002E9A4E /* Frameworks */ = {
			isa = PBXFrameworksBuildPhase;
			buildActionMask = 2147483647;
			files = (
			);
			runOnlyForDeploymentPostprocessing = 0;
		};
		84DCB5DA1E2E0D36002E9A4E /* Frameworks */ = {
			isa = PBXFrameworksBuildPhase;
			buildActionMask = 2147483647;
			files = (
			);
			runOnlyForDeploymentPostprocessing = 0;
		};
/* End PBXFrameworksBuildPhase section */

/* Begin PBXGroup section */
		841711121ECAF18800063754 /* Frameworks */ = {
			isa = PBXGroup;
			children = (
				F58CCA9A25FF3CC400238A5B /* SystemConfiguration.framework */,
				F58CCA9225FF3CA100238A5B /* libc++.tbd */,
				F58CCA8325FF3C5600238A5B /* UMCrash.framework */,
				F58CCA7325FF3BD600238A5B /* libc.tbd */,
				F58CCA4825FF3AFB00238A5B /* QQ */,
				F58CCA2925FF381500238A5B /* UShareUI.framework */,
				F58CCA2425FF380600238A5B /* UMShare.framework */,
				F58CCA1925FF37F400238A5B /* UMCommon.framework */,
				F58CCA1825FF37F400238A5B /* UMDevice.framework */,
				7013105D87ED6030D1583132 /* Pods_localTest.framework */,
			);
			name = Frameworks;
			sourceTree = "<group>";
		};
		84DCB5B01E2E0D31002E9A4E = {
			isa = PBXGroup;
			children = (
				F58CCAA525FF3F5F00238A5B /* UMSocialSDKResources.bundle */,
				84DCB5BB1E2E0D33002E9A4E /* localTest */,
				84DCB5D51E2E0D35002E9A4E /* localTestTests */,
				84DCB5E01E2E0D36002E9A4E /* localTestUITests */,
				84DCB5BA1E2E0D33002E9A4E /* Products */,
				841711121ECAF18800063754 /* Frameworks */,
				A541343C95349339AE3E639F /* Pods */,
			);
			sourceTree = "<group>";
		};
		84DCB5BA1E2E0D33002E9A4E /* Products */ = {
			isa = PBXGroup;
			children = (
				84DCB5B91E2E0D33002E9A4E /* localTest.app */,
				84DCB5D21E2E0D35002E9A4E /* localTestTests.xctest */,
				84DCB5DD1E2E0D36002E9A4E /* localTestUITests.xctest */,
			);
			name = Products;
			sourceTree = "<group>";
		};
		84DCB5BB1E2E0D33002E9A4E /* localTest */ = {
			isa = PBXGroup;
			children = (
				84DCB5BF1E2E0D33002E9A4E /* AppDelegate.h */,
				84DCB5C01E2E0D33002E9A4E /* AppDelegate.m */,
				84DCB5C21E2E0D33002E9A4E /* ViewController.h */,
				84DCB5C31E2E0D33002E9A4E /* ViewController.m */,
				F58CCA9C25FF3D4D00238A5B /* EEOUMApiProxy.h */,
				F58CCA9D25FF3D4D00238A5B /* EEOUMApiProxy.m */,
				84DCB5C51E2E0D34002E9A4E /* Main.storyboard */,
				84DCB5C81E2E0D34002E9A4E /* Assets.xcassets */,
				84DCB5CA1E2E0D34002E9A4E /* LaunchScreen.storyboard */,
				84DCB5CD1E2E0D34002E9A4E /* Info.plist */,
				84DCB5BC1E2E0D33002E9A4E /* Supporting Files */,
			);
			path = localTest;
			sourceTree = "<group>";
		};
		84DCB5BC1E2E0D33002E9A4E /* Supporting Files */ = {
			isa = PBXGroup;
			children = (
				84DCB5BD1E2E0D33002E9A4E /* main.m */,
			);
			name = "Supporting Files";
			sourceTree = "<group>";
		};
		84DCB5D51E2E0D35002E9A4E /* localTestTests */ = {
			isa = PBXGroup;
			children = (
				84DCB5D61E2E0D35002E9A4E /* localTestTests.m */,
				84DCB5D81E2E0D36002E9A4E /* Info.plist */,
			);
			path = localTestTests;
			sourceTree = "<group>";
		};
		84DCB5E01E2E0D36002E9A4E /* localTestUITests */ = {
			isa = PBXGroup;
			children = (
				84DCB5E11E2E0D36002E9A4E /* localTestUITests.m */,
				84DCB5E31E2E0D36002E9A4E /* Info.plist */,
			);
			path = localTestUITests;
			sourceTree = "<group>";
		};
		A541343C95349339AE3E639F /* Pods */ = {
			isa = PBXGroup;
			children = (
				9E968768AB57384E145942A8 /* Pods-localTest.debug.xcconfig */,
				18D9DFD3F1BACB683751F5B3 /* Pods-localTest.release.xcconfig */,
				61C785CDAF333CA8DE93474E /* Pods-localTestTests.debug.xcconfig */,
				D237215C07FBF0EEB507F500 /* Pods-localTestTests.release.xcconfig */,
				6A0E75B066D64FF12466D3F7 /* Pods-localTestUITests.debug.xcconfig */,
				B8C0203B896DFD5106AD66B8 /* Pods-localTestUITests.release.xcconfig */,
			);
			name = Pods;
			sourceTree = "<group>";
		};
		F58CCA4825FF3AFB00238A5B /* QQ */ = {
			isa = PBXGroup;
			children = (
				F58CCA5125FF3B4000238A5B /* UMSocialQQHandler.h */,
				F58CCA4C25FF3B1D00238A5B /* libSocialQQ.a */,
				F58CCA4225FF3AF100238A5B /* TencentOpenAPI.framework */,
			);
			name = QQ;
			sourceTree = "<group>";
		};
/* End PBXGroup section */

/* Begin PBXNativeTarget section */
		84DCB5B81E2E0D32002E9A4E /* localTest */ = {
			isa = PBXNativeTarget;
			buildConfigurationList = 84DCB5E61E2E0D37002E9A4E /* Build configuration list for PBXNativeTarget "localTest" */;
			buildPhases = (
				CA46F806797884BC05301BD0 /* [CP] Check Pods Manifest.lock */,
				84DCB5B51E2E0D32002E9A4E /* Sources */,
				84DCB5B61E2E0D32002E9A4E /* Frameworks */,
				84DCB5B71E2E0D32002E9A4E /* Resources */,
			);
			buildRules = (
			);
			dependencies = (
			);
			name = localTest;
			productName = localTest;
			productReference = 84DCB5B91E2E0D33002E9A4E /* localTest.app */;
			productType = "com.apple.product-type.application";
		};
		84DCB5D11E2E0D35002E9A4E /* localTestTests */ = {
			isa = PBXNativeTarget;
			buildConfigurationList = 84DCB5E91E2E0D37002E9A4E /* Build configuration list for PBXNativeTarget "localTestTests" */;
			buildPhases = (
				2FD5DDB3B5D7ECDCFC11E24E /* [CP] Check Pods Manifest.lock */,
				84DCB5CE1E2E0D35002E9A4E /* Sources */,
				84DCB5CF1E2E0D35002E9A4E /* Frameworks */,
				84DCB5D01E2E0D35002E9A4E /* Resources */,
			);
			buildRules = (
			);
			dependencies = (
				84DCB5D41E2E0D35002E9A4E /* PBXTargetDependency */,
			);
			name = localTestTests;
			productName = localTestTests;
			productReference = 84DCB5D21E2E0D35002E9A4E /* localTestTests.xctest */;
			productType = "com.apple.product-type.bundle.unit-test";
		};
		84DCB5DC1E2E0D36002E9A4E /* localTestUITests */ = {
			isa = PBXNativeTarget;
			buildConfigurationList = 84DCB5EC1E2E0D37002E9A4E /* Build configuration list for PBXNativeTarget "localTestUITests" */;
			buildPhases = (
				C31279217C21ADC5B73E9436 /* [CP] Check Pods Manifest.lock */,
				84DCB5D91E2E0D36002E9A4E /* Sources */,
				84DCB5DA1E2E0D36002E9A4E /* Frameworks */,
				84DCB5DB1E2E0D36002E9A4E /* Resources */,
			);
			buildRules = (
			);
			dependencies = (
				84DCB5DF1E2E0D36002E9A4E /* PBXTargetDependency */,
			);
			name = localTestUITests;
			productName = localTestUITests;
			productReference = 84DCB5DD1E2E0D36002E9A4E /* localTestUITests.xctest */;
			productType = "com.apple.product-type.bundle.ui-testing";
		};
/* End PBXNativeTarget section */

/* Begin PBXProject section */
		84DCB5B11E2E0D31002E9A4E /* Project object */ = {
			isa = PBXProject;
			attributes = {
				LastUpgradeCheck = 1010;
				ORGANIZATIONNAME = EEO;
				TargetAttributes = {
					84DCB5B81E2E0D32002E9A4E = {
						CreatedOnToolsVersion = 8.0;
						DevelopmentTeam = 78B2S2V8P5;
						ProvisioningStyle = Automatic;
					};
					84DCB5D11E2E0D35002E9A4E = {
						CreatedOnToolsVersion = 8.0;
						DevelopmentTeam = 78B2S2V8P5;
						ProvisioningStyle = Automatic;
						TestTargetID = 84DCB5B81E2E0D32002E9A4E;
					};
					84DCB5DC1E2E0D36002E9A4E = {
						CreatedOnToolsVersion = 8.0;
						DevelopmentTeam = 78B2S2V8P5;
						ProvisioningStyle = Automatic;
						TestTargetID = 84DCB5B81E2E0D32002E9A4E;
					};
				};
			};
			buildConfigurationList = 84DCB5B41E2E0D32002E9A4E /* Build configuration list for PBXProject "localTest" */;
			compatibilityVersion = "Xcode 3.2";
			developmentRegion = English;
			hasScannedForEncodings = 0;
			knownRegions = (
				English,
				en,
				Base,
			);
			mainGroup = 84DCB5B01E2E0D31002E9A4E;
			productRefGroup = 84DCB5BA1E2E0D33002E9A4E /* Products */;
			projectDirPath = "";
			projectRoot = "";
			targets = (
				84DCB5B81E2E0D32002E9A4E /* localTest */,
				84DCB5D11E2E0D35002E9A4E /* localTestTests */,
				84DCB5DC1E2E0D36002E9A4E /* localTestUITests */,
			);
		};
/* End PBXProject section */

/* Begin PBXResourcesBuildPhase section */
		84DCB5B71E2E0D32002E9A4E /* Resources */ = {
			isa = PBXResourcesBuildPhase;
			buildActionMask = 2147483647;
			files = (
				F58CCAA625FF3F5F00238A5B /* UMSocialSDKResources.bundle in Resources */,
				84DCB5CC1E2E0D34002E9A4E /* LaunchScreen.storyboard in Resources */,
				84DCB5C91E2E0D34002E9A4E /* Assets.xcassets in Resources */,
				84DCB5C71E2E0D34002E9A4E /* Main.storyboard in Resources */,
			);
			runOnlyForDeploymentPostprocessing = 0;
		};
		84DCB5D01E2E0D35002E9A4E /* Resources */ = {
			isa = PBXResourcesBuildPhase;
			buildActionMask = 2147483647;
			files = (
			);
			runOnlyForDeploymentPostprocessing = 0;
		};
		84DCB5DB1E2E0D36002E9A4E /* Resources */ = {
			isa = PBXResourcesBuildPhase;
			buildActionMask = 2147483647;
			files = (
			);
			runOnlyForDeploymentPostprocessing = 0;
		};
/* End PBXResourcesBuildPhase section */

/* Begin PBXShellScriptBuildPhase section */
		2FD5DDB3B5D7ECDCFC11E24E /* [CP] Check Pods Manifest.lock */ = {
			isa = PBXShellScriptBuildPhase;
			buildActionMask = 2147483647;
			files = (
			);
			inputPaths = (
				"${PODS_PODFILE_DIR_PATH}/Podfile.lock",
				"${PODS_ROOT}/Manifest.lock",
			);
			name = "[CP] Check Pods Manifest.lock";
			outputPaths = (
				"$(DERIVED_FILE_DIR)/Pods-localTestTests-checkManifestLockResult.txt",
			);
			runOnlyForDeploymentPostprocessing = 0;
			shellPath = /bin/sh;
			shellScript = "diff \"${PODS_PODFILE_DIR_PATH}/Podfile.lock\" \"${PODS_ROOT}/Manifest.lock\" > /dev/null\nif [ $? != 0 ] ; then\n    # print error to STDERR\n    echo \"error: The sandbox is not in sync with the Podfile.lock. Run 'pod install' or update your CocoaPods installation.\" >&2\n    exit 1\nfi\n# This output is used by Xcode 'outputs' to avoid re-running this script phase.\necho \"SUCCESS\" > \"${SCRIPT_OUTPUT_FILE_0}\"\n";
			showEnvVarsInLog = 0;
		};
		C31279217C21ADC5B73E9436 /* [CP] Check Pods Manifest.lock */ = {
			isa = PBXShellScriptBuildPhase;
			buildActionMask = 2147483647;
			files = (
			);
			inputPaths = (
				"${PODS_PODFILE_DIR_PATH}/Podfile.lock",
				"${PODS_ROOT}/Manifest.lock",
			);
			name = "[CP] Check Pods Manifest.lock";
			outputPaths = (
				"$(DERIVED_FILE_DIR)/Pods-localTestUITests-checkManifestLockResult.txt",
			);
			runOnlyForDeploymentPostprocessing = 0;
			shellPath = /bin/sh;
			shellScript = "diff \"${PODS_PODFILE_DIR_PATH}/Podfile.lock\" \"${PODS_ROOT}/Manifest.lock\" > /dev/null\nif [ $? != 0 ] ; then\n    # print error to STDERR\n    echo \"error: The sandbox is not in sync with the Podfile.lock. Run 'pod install' or update your CocoaPods installation.\" >&2\n    exit 1\nfi\n# This output is used by Xcode 'outputs' to avoid re-running this script phase.\necho \"SUCCESS\" > \"${SCRIPT_OUTPUT_FILE_0}\"\n";
			showEnvVarsInLog = 0;
		};
		CA46F806797884BC05301BD0 /* [CP] Check Pods Manifest.lock */ = {
			isa = PBXShellScriptBuildPhase;
			buildActionMask = 2147483647;
			files = (
			);
			inputPaths = (
				"${PODS_PODFILE_DIR_PATH}/Podfile.lock",
				"${PODS_ROOT}/Manifest.lock",
			);
			name = "[CP] Check Pods Manifest.lock";
			outputPaths = (
				"$(DERIVED_FILE_DIR)/Pods-localTest-checkManifestLockResult.txt",
			);
			runOnlyForDeploymentPostprocessing = 0;
			shellPath = /bin/sh;
			shellScript = "diff \"${PODS_PODFILE_DIR_PATH}/Podfile.lock\" \"${PODS_ROOT}/Manifest.lock\" > /dev/null\nif [ $? != 0 ] ; then\n    # print error to STDERR\n    echo \"error: The sandbox is not in sync with the Podfile.lock. Run 'pod install' or update your CocoaPods installation.\" >&2\n    exit 1\nfi\n# This output is used by Xcode 'outputs' to avoid re-running this script phase.\necho \"SUCCESS\" > \"${SCRIPT_OUTPUT_FILE_0}\"\n";
			showEnvVarsInLog = 0;
		};
/* End PBXShellScriptBuildPhase section */

/* Begin PBXSourcesBuildPhase section */
		84DCB5B51E2E0D32002E9A4E /* Sources */ = {
			isa = PBXSourcesBuildPhase;
			buildActionMask = 2147483647;
			files = (
				84DCB5C41E2E0D33002E9A4E /* ViewController.m in Sources */,
				F58CCA9E25FF3D4D00238A5B /* EEOUMApiProxy.m in Sources */,
				84DCB5C11E2E0D33002E9A4E /* AppDelegate.m in Sources */,
				84DCB5BE1E2E0D33002E9A4E /* main.m in Sources */,
			);
			runOnlyForDeploymentPostprocessing = 0;
		};
		84DCB5CE1E2E0D35002E9A4E /* Sources */ = {
			isa = PBXSourcesBuildPhase;
			buildActionMask = 2147483647;
			files = (
				84DCB5D71E2E0D35002E9A4E /* localTestTests.m in Sources */,
			);
			runOnlyForDeploymentPostprocessing = 0;
		};
		84DCB5D91E2E0D36002E9A4E /* Sources */ = {
			isa = PBXSourcesBuildPhase;
			buildActionMask = 2147483647;
			files = (
				84DCB5E21E2E0D36002E9A4E /* localTestUITests.m in Sources */,
			);
			runOnlyForDeploymentPostprocessing = 0;
		};
/* End PBXSourcesBuildPhase section */

/* Begin PBXTargetDependency section */
		84DCB5D41E2E0D35002E9A4E /* PBXTargetDependency */ = {
			isa = PBXTargetDependency;
			target = 84DCB5B81E2E0D32002E9A4E /* localTest */;
			targetProxy = 84DCB5D31E2E0D35002E9A4E /* PBXContainerItemProxy */;
		};
		84DCB5DF1E2E0D36002E9A4E /* PBXTargetDependency */ = {
			isa = PBXTargetDependency;
			target = 84DCB5B81E2E0D32002E9A4E /* localTest */;
			targetProxy = 84DCB5DE1E2E0D36002E9A4E /* PBXContainerItemProxy */;
		};
/* End PBXTargetDependency section */

/* Begin PBXVariantGroup section */
		84DCB5C51E2E0D34002E9A4E /* Main.storyboard */ = {
			isa = PBXVariantGroup;
			children = (
				84DCB5C61E2E0D34002E9A4E /* Base */,
			);
			name = Main.storyboard;
			sourceTree = "<group>";
		};
		84DCB5CA1E2E0D34002E9A4E /* LaunchScreen.storyboard */ = {
			isa = PBXVariantGroup;
			children = (
				84DCB5CB1E2E0D34002E9A4E /* Base */,
			);
			name = LaunchScreen.storyboard;
			sourceTree = "<group>";
		};
/* End PBXVariantGroup section */

/* Begin XCBuildConfiguration section */
		84DCB5E41E2E0D36002E9A4E /* Debug */ = {
			isa = XCBuildConfiguration;
			buildSettings = {
				ALWAYS_SEARCH_USER_PATHS = NO;
				CLANG_ANALYZER_NONNULL = YES;
				CLANG_CXX_LANGUAGE_STANDARD = "gnu++0x";
				CLANG_CXX_LIBRARY = "libc++";
				CLANG_ENABLE_MODULES = YES;
				CLANG_ENABLE_OBJC_ARC = YES;
				CLANG_WARN_BLOCK_CAPTURE_AUTORELEASING = YES;
				CLANG_WARN_BOOL_CONVERSION = YES;
				CLANG_WARN_COMMA = YES;
				CLANG_WARN_CONSTANT_CONVERSION = YES;
				CLANG_WARN_DEPRECATED_OBJC_IMPLEMENTATIONS = YES;
				CLANG_WARN_DIRECT_OBJC_ISA_USAGE = YES_ERROR;
				CLANG_WARN_DOCUMENTATION_COMMENTS = YES;
				CLANG_WARN_EMPTY_BODY = YES;
				CLANG_WARN_ENUM_CONVERSION = YES;
				CLANG_WARN_INFINITE_RECURSION = YES;
				CLANG_WARN_INT_CONVERSION = YES;
				CLANG_WARN_NON_LITERAL_NULL_CONVERSION = YES;
				CLANG_WARN_OBJC_IMPLICIT_RETAIN_SELF = YES;
				CLANG_WARN_OBJC_LITERAL_CONVERSION = YES;
				CLANG_WARN_OBJC_ROOT_CLASS = YES_ERROR;
				CLANG_WARN_RANGE_LOOP_ANALYSIS = YES;
				CLANG_WARN_STRICT_PROTOTYPES = YES;
				CLANG_WARN_SUSPICIOUS_MOVE = YES;
				CLANG_WARN_SUSPICIOUS_MOVES = YES;
				CLANG_WARN_UNREACHABLE_CODE = YES;
				CLANG_WARN__DUPLICATE_METHOD_MATCH = YES;
				"CODE_SIGN_IDENTITY[sdk=iphoneos*]" = "iPhone Developer";
				COPY_PHASE_STRIP = NO;
				DEBUG_INFORMATION_FORMAT = dwarf;
				ENABLE_STRICT_OBJC_MSGSEND = YES;
				ENABLE_TESTABILITY = YES;
				GCC_C_LANGUAGE_STANDARD = gnu99;
				GCC_DYNAMIC_NO_PIC = NO;
				GCC_NO_COMMON_BLOCKS = YES;
				GCC_OPTIMIZATION_LEVEL = 0;
				GCC_PREPROCESSOR_DEFINITIONS = (
					"DEBUG=1",
					"$(inherited)",
				);
				GCC_WARN_64_TO_32_BIT_CONVERSION = YES;
				GCC_WARN_ABOUT_RETURN_TYPE = YES_ERROR;
				GCC_WARN_UNDECLARED_SELECTOR = YES;
				GCC_WARN_UNINITIALIZED_AUTOS = YES_AGGRESSIVE;
				GCC_WARN_UNUSED_FUNCTION = YES;
				GCC_WARN_UNUSED_VARIABLE = YES;
				IPHONEOS_DEPLOYMENT_TARGET = 12.0;
				MTL_ENABLE_DEBUG_INFO = YES;
				ONLY_ACTIVE_ARCH = YES;
				SDKROOT = iphoneos;
				TARGETED_DEVICE_FAMILY = "1,2";
			};
			name = Debug;
		};
		84DCB5E51E2E0D36002E9A4E /* Release */ = {
			isa = XCBuildConfiguration;
			buildSettings = {
				ALWAYS_SEARCH_USER_PATHS = NO;
				CLANG_ANALYZER_NONNULL = YES;
				CLANG_CXX_LANGUAGE_STANDARD = "gnu++0x";
				CLANG_CXX_LIBRARY = "libc++";
				CLANG_ENABLE_MODULES = YES;
				CLANG_ENABLE_OBJC_ARC = YES;
				CLANG_WARN_BLOCK_CAPTURE_AUTORELEASING = YES;
				CLANG_WARN_BOOL_CONVERSION = YES;
				CLANG_WARN_COMMA = YES;
				CLANG_WARN_CONSTANT_CONVERSION = YES;
				CLANG_WARN_DEPRECATED_OBJC_IMPLEMENTATIONS = YES;
				CLANG_WARN_DIRECT_OBJC_ISA_USAGE = YES_ERROR;
				CLANG_WARN_DOCUMENTATION_COMMENTS = YES;
				CLANG_WARN_EMPTY_BODY = YES;
				CLANG_WARN_ENUM_CONVERSION = YES;
				CLANG_WARN_INFINITE_RECURSION = YES;
				CLANG_WARN_INT_CONVERSION = YES;
				CLANG_WARN_NON_LITERAL_NULL_CONVERSION = YES;
				CLANG_WARN_OBJC_IMPLICIT_RETAIN_SELF = YES;
				CLANG_WARN_OBJC_LITERAL_CONVERSION = YES;
				CLANG_WARN_OBJC_ROOT_CLASS = YES_ERROR;
				CLANG_WARN_RANGE_LOOP_ANALYSIS = YES;
				CLANG_WARN_STRICT_PROTOTYPES = YES;
				CLANG_WARN_SUSPICIOUS_MOVE = YES;
				CLANG_WARN_SUSPICIOUS_MOVES = YES;
				CLANG_WARN_UNREACHABLE_CODE = YES;
				CLANG_WARN__DUPLICATE_METHOD_MATCH = YES;
				"CODE_SIGN_IDENTITY[sdk=iphoneos*]" = "iPhone Developer";
				COPY_PHASE_STRIP = NO;
				DEBUG_INFORMATION_FORMAT = "dwarf-with-dsym";
				ENABLE_NS_ASSERTIONS = NO;
				ENABLE_STRICT_OBJC_MSGSEND = YES;
				GCC_C_LANGUAGE_STANDARD = gnu99;
				GCC_NO_COMMON_BLOCKS = YES;
				GCC_WARN_64_TO_32_BIT_CONVERSION = YES;
				GCC_WARN_ABOUT_RETURN_TYPE = YES_ERROR;
				GCC_WARN_UNDECLARED_SELECTOR = YES;
				GCC_WARN_UNINITIALIZED_AUTOS = YES_AGGRESSIVE;
				GCC_WARN_UNUSED_FUNCTION = YES;
				GCC_WARN_UNUSED_VARIABLE = YES;
				IPHONEOS_DEPLOYMENT_TARGET = 12.0;
				MTL_ENABLE_DEBUG_INFO = NO;
				SDKROOT = iphoneos;
				TARGETED_DEVICE_FAMILY = "1,2";
				VALIDATE_PRODUCT = YES;
			};
			name = Release;
		};
		84DCB5E71E2E0D37002E9A4E /* Debug */ = {
			isa = XCBuildConfiguration;
			baseConfigurationReference = 9E968768AB57384E145942A8 /* Pods-localTest.debug.xcconfig */;
			buildSettings = {
				ASSETCATALOG_COMPILER_APPICON_NAME = AppIcon;
				CLANG_ENABLE_OBJC_ARC = YES;
				DEVELOPMENT_TEAM = 78B2S2V8P5;
				FRAMEWORK_SEARCH_PATHS = (
					"$(inherited)",
					"$(PROJECT_DIR)/",
					"$(PROJECT_DIR)/Carthage/Build/iOS",
					"$(PROJECT_DIR)/localTest/UMengFrameworks",
					"$(PROJECT_DIR)/localTest/UMengFrameworks/UMShare",
					"$(PROJECT_DIR)/localTest/UMengFrameworks/UMShare/UMSocialUI",
					"$(PROJECT_DIR)/localTest/UMengFrameworks/UMShare/SocialLibraries/QQ/QQSDK",
				);
				INFOPLIST_FILE = localTest/Info.plist;
				IPHONEOS_DEPLOYMENT_TARGET = 12.0;
				LD_RUNPATH_SEARCH_PATHS = "$(inherited) @executable_path/Frameworks";
				LIBRARY_SEARCH_PATHS = (
					"$(inherited)",
					"$(PROJECT_DIR)",
					"$(PROJECT_DIR)/localTest/UMengFrameworks/UMShare/SocialLibraries/QQ",
				);
				OTHER_LDFLAGS = "-ObjC";
				PRODUCT_BUNDLE_IDENTIFIER = com.eeo.EEOClient.localTest;
				PRODUCT_NAME = "$(TARGET_NAME)";
				VALID_ARCHS = "arm64e armv7 armv7s arm64";
			};
			name = Debug;
		};
		84DCB5E81E2E0D37002E9A4E /* Release */ = {
			isa = XCBuildConfiguration;
			baseConfigurationReference = 18D9DFD3F1BACB683751F5B3 /* Pods-localTest.release.xcconfig */;
			buildSettings = {
				ASSETCATALOG_COMPILER_APPICON_NAME = AppIcon;
				CLANG_ENABLE_OBJC_ARC = YES;
				DEVELOPMENT_TEAM = 78B2S2V8P5;
				FRAMEWORK_SEARCH_PATHS = (
					"$(inherited)",
					"$(PROJECT_DIR)/",
					"$(PROJECT_DIR)/Carthage/Build/iOS",
					"$(PROJECT_DIR)/localTest/UMengFrameworks",
					"$(PROJECT_DIR)/localTest/UMengFrameworks/UMShare",
					"$(PROJECT_DIR)/localTest/UMengFrameworks/UMShare/UMSocialUI",
					"$(PROJECT_DIR)/localTest/UMengFrameworks/UMShare/SocialLibraries/QQ/QQSDK",
				);
				INFOPLIST_FILE = localTest/Info.plist;
				IPHONEOS_DEPLOYMENT_TARGET = 12.0;
				LD_RUNPATH_SEARCH_PATHS = "$(inherited) @executable_path/Frameworks";
				LIBRARY_SEARCH_PATHS = (
					"$(inherited)",
					"$(PROJECT_DIR)",
					"$(PROJECT_DIR)/localTest/UMengFrameworks/UMShare/SocialLibraries/QQ",
				);
				OTHER_LDFLAGS = "-ObjC";
				PRODUCT_BUNDLE_IDENTIFIER = com.eeo.EEOClient.localTest;
				PRODUCT_NAME = "$(TARGET_NAME)";
				VALID_ARCHS = "arm64e armv7 armv7s arm64";
			};
			name = Release;
		};
		84DCB5EA1E2E0D37002E9A4E /* Debug */ = {
			isa = XCBuildConfiguration;
			baseConfigurationReference = 61C785CDAF333CA8DE93474E /* Pods-localTestTests.debug.xcconfig */;
			buildSettings = {
				BUNDLE_LOADER = "$(TEST_HOST)";
				DEVELOPMENT_TEAM = 78B2S2V8P5;
				INFOPLIST_FILE = localTestTests/Info.plist;
				LD_RUNPATH_SEARCH_PATHS = "$(inherited) @executable_path/Frameworks @loader_path/Frameworks";
				PRODUCT_BUNDLE_IDENTIFIER = com.eeo.EEOClient.localTestTests;
				PRODUCT_NAME = "$(TARGET_NAME)";
				TEST_HOST = "$(BUILT_PRODUCTS_DIR)/localTest.app/localTest";
			};
			name = Debug;
		};
		84DCB5EB1E2E0D37002E9A4E /* Release */ = {
			isa = XCBuildConfiguration;
			baseConfigurationReference = D237215C07FBF0EEB507F500 /* Pods-localTestTests.release.xcconfig */;
			buildSettings = {
				BUNDLE_LOADER = "$(TEST_HOST)";
				DEVELOPMENT_TEAM = 78B2S2V8P5;
				INFOPLIST_FILE = localTestTests/Info.plist;
				LD_RUNPATH_SEARCH_PATHS = "$(inherited) @executable_path/Frameworks @loader_path/Frameworks";
				PRODUCT_BUNDLE_IDENTIFIER = com.eeo.EEOClient.localTestTests;
				PRODUCT_NAME = "$(TARGET_NAME)";
				TEST_HOST = "$(BUILT_PRODUCTS_DIR)/localTest.app/localTest";
			};
			name = Release;
		};
		84DCB5ED1E2E0D37002E9A4E /* Debug */ = {
			isa = XCBuildConfiguration;
			baseConfigurationReference = 6A0E75B066D64FF12466D3F7 /* Pods-localTestUITests.debug.xcconfig */;
			buildSettings = {
				DEVELOPMENT_TEAM = 78B2S2V8P5;
				INFOPLIST_FILE = localTestUITests/Info.plist;
				LD_RUNPATH_SEARCH_PATHS = "$(inherited) @executable_path/Frameworks @loader_path/Frameworks";
				PRODUCT_BUNDLE_IDENTIFIER = com.eeo.EEOClient.localTestUITests;
				PRODUCT_NAME = "$(TARGET_NAME)";
				TEST_TARGET_NAME = localTest;
			};
			name = Debug;
		};
		84DCB5EE1E2E0D37002E9A4E /* Release */ = {
			isa = XCBuildConfiguration;
			baseConfigurationReference = B8C0203B896DFD5106AD66B8 /* Pods-localTestUITests.release.xcconfig */;
			buildSettings = {
				DEVELOPMENT_TEAM = 78B2S2V8P5;
				INFOPLIST_FILE = localTestUITests/Info.plist;
				LD_RUNPATH_SEARCH_PATHS = "$(inherited) @executable_path/Frameworks @loader_path/Frameworks";
				PRODUCT_BUNDLE_IDENTIFIER = com.eeo.EEOClient.localTestUITests;
				PRODUCT_NAME = "$(TARGET_NAME)";
				TEST_TARGET_NAME = localTest;
			};
			name = Release;
		};
/* End XCBuildConfiguration section */

/* Begin XCConfigurationList section */
		84DCB5B41E2E0D32002E9A4E /* Build configuration list for PBXProject "localTest" */ = {
			isa = XCConfigurationList;
			buildConfigurations = (
				84DCB5E41E2E0D36002E9A4E /* Debug */,
				84DCB5E51E2E0D36002E9A4E /* Release */,
			);
			defaultConfigurationIsVisible = 0;
			defaultConfigurationName = Release;
		};
		84DCB5E61E2E0D37002E9A4E /* Build configuration list for PBXNativeTarget "localTest" */ = {
			isa = XCConfigurationList;
			buildConfigurations = (
				84DCB5E71E2E0D37002E9A4E /* Debug */,
				84DCB5E81E2E0D37002E9A4E /* Release */,
			);
			defaultConfigurationIsVisible = 0;
			defaultConfigurationName = Release;
		};
		84DCB5E91E2E0D37002E9A4E /* Build configuration list for PBXNativeTarget "localTestTests" */ = {
			isa = XCConfigurationList;
			buildConfigurations = (
				84DCB5EA1E2E0D37002E9A4E /* Debug */,
				84DCB5EB1E2E0D37002E9A4E /* Release */,
			);
			defaultConfigurationIsVisible = 0;
			defaultConfigurationName = Release;
		};
		84DCB5EC1E2E0D37002E9A4E /* Build configuration list for PBXNativeTarget "localTestUITests" */ = {
			isa = XCConfigurationList;
			buildConfigurations = (
				84DCB5ED1E2E0D37002E9A4E /* Debug */,
				84DCB5EE1E2E0D37002E9A4E /* Release */,
			);
			defaultConfigurationIsVisible = 0;
			defaultConfigurationName = Release;
		};
/* End XCConfigurationList section */
	};
	rootObject = 84DCB5B11E2E0D31002E9A4E /* Project object */;
}
